
Microsoft Visual Studio Solution File, Format Version 12.00
# Visual Studio Version 16
VisualStudioVersion = 16.0.32228.343
MinimumVisualStudioVersion = 10.0.40219.1
Project("{FAE04EC0-301F-11D3-BF4B-00C04F79EFBC}") = "BH_ImageTagManager", "BH_ImageTagManager\BH_ImageTagManager.csproj", "{765191B6-E18D-4B26-9D5D-E1D5716899F2}"
EndProject
Global
	GlobalSection(SolutionConfigurationPlatforms) = preSolution
		Debug|Any CPU = Debug|Any CPU
		Debug|x86 = Debug|x86
		Release|Any CPU = Release|Any CPU
		Release|x86 = Release|x86
	EndGlobalSection
	GlobalSection(ProjectConfigurationPlatforms) = postSolution
		{765191B6-E18D-4B26-9D5D-E1D5716899F2}.Debug|Any CPU.ActiveCfg = Debug|Any CPU
		{765191B6-E18D-4B26-9D5D-E1D5716899F2}.Debug|Any CPU.Build.0 = Debug|Any CPU
		{765191B6-E18D-4B26-9D5D-E1D5716899F2}.Debug|x86.ActiveCfg = Debug|Any CPU
		{765191B6-E18D-4B26-9D5D-E1D5716899F2}.Debug|x86.Build.0 = Debug|Any CPU
		{765191B6-E18D-4B26-9D5D-E1D5716899F2}.Release|Any CPU.ActiveCfg = Release|Any CPU
		{765191B6-E18D-4B26-9D5D-E1D5716899F2}.Release|Any CPU.Build.0 = Release|Any CPU
		{765191B6-E18D-4B26-9D5D-E1D5716899F2}.Release|x86.ActiveCfg = Release|Any CPU
		{765191B6-E18D-4B26-9D5D-E1D5716899F2}.Release|x86.Build.0 = Release|Any CPU
	EndGlobalSection
	GlobalSection(SolutionProperties) = preSolution
		HideSolutionNode = FALSE
	EndGlobalSection
	GlobalSection(ExtensibilityGlobals) = postSolution
		SolutionGuid = {45BCB566-127F-4D3E-BADA-CCE39C80B042}
	EndGlobalSection
EndGlobal
